
Microsoft Visual Studio Solution File, Format Version 12.00
# Visual Studio 15
VisualStudioVersion = 15.0.27703.2026
MinimumVisualStudioVersion = 10.0.40219.1
Project("{9A19103F-16F7-4668-BE54-9A1E7A4F7556}") = "BankApi.Server", "src\BankApi.Server\BankApi.Server.csproj", "{A86BA48E-60BA-45C3-A1E7-CF771A57BBF7}"
EndProject
Project("{9A19103F-16F7-4668-BE54-9A1E7A4F7556}") = "IO.Swagger", "src\IO.Swagger\IO.Swagger.csproj", "{906B65CB-2917-493F-8E4E-EF6F8644F1F7}"
EndProject
Project("{9A19103F-16F7-4668-BE54-9A1E7A4F7556}") = "BankApi.Connections.BizfiBank", "src\BankApi.Connections.BizfiBank\BankApi.Connections.BizfiBank.csproj", "{4719B04B-2E47-438B-AD7E-C2EFACA30948}"
EndProject
Project("{9A19103F-16F7-4668-BE54-9A1E7A4F7556}") = "BankApi.Connections.FairWayBank", "src\BankApi.Connections.FairWayBank\BankApi.Connections.FairWayBank.csproj", "{389DB7D5-1EF8-47F2-A17F-45766B59E9B0}"
EndProject
Project("{9A19103F-16F7-4668-BE54-9A1E7A4F7556}") = "BankApi.Logic", "src\BankApi.Logic\BankApi.Logic.csproj", "{E5AEC11A-E2DF-421A-87CC-6E6DDB6E6DF8}"
EndProject
Project("{9A19103F-16F7-4668-BE54-9A1E7A4F7556}") = "BankApi.Tests.Connections.BizfiBank", "src\BankApi.Tests.Connections.BizfiBank\BankApi.Tests.Connections.BizfiBank.csproj", "{FF5F03B8-AD86-4990-BA67-DA5F5CFAE92E}"
EndProject
Project("{9A19103F-16F7-4668-BE54-9A1E7A4F7556}") = "BankApi.Tests", "src\BankApi.Tests\BankApi.Tests.csproj", "{FDF1DC0B-D2FB-4301-B91B-EE76132D1EE8}"
EndProject
Project("{FAE04EC0-301F-11D3-BF4B-00C04F79EFBC}") = "BankApi.Tests.Logic", "src\BankApi.Tests.Logic\BankApi.Tests.Logic.csproj", "{9C77F8A5-EC8D-4563-9E2C-C968011C86F5}"
EndProject
Global
	GlobalSection(SolutionConfigurationPlatforms) = preSolution
		Debug|Any CPU = Debug|Any CPU
		Release|Any CPU = Release|Any CPU
	EndGlobalSection
	GlobalSection(ProjectConfigurationPlatforms) = postSolution
		{A86BA48E-60BA-45C3-A1E7-CF771A57BBF7}.Debug|Any CPU.ActiveCfg = Debug|Any CPU
		{A86BA48E-60BA-45C3-A1E7-CF771A57BBF7}.Debug|Any CPU.Build.0 = Debug|Any CPU
		{A86BA48E-60BA-45C3-A1E7-CF771A57BBF7}.Release|Any CPU.ActiveCfg = Release|Any CPU
		{A86BA48E-60BA-45C3-A1E7-CF771A57BBF7}.Release|Any CPU.Build.0 = Release|Any CPU
		{906B65CB-2917-493F-8E4E-EF6F8644F1F7}.Debug|Any CPU.ActiveCfg = Debug|Any CPU
		{906B65CB-2917-493F-8E4E-EF6F8644F1F7}.Debug|Any CPU.Build.0 = Debug|Any CPU
		{906B65CB-2917-493F-8E4E-EF6F8644F1F7}.Release|Any CPU.ActiveCfg = Release|Any CPU
		{906B65CB-2917-493F-8E4E-EF6F8644F1F7}.Release|Any CPU.Build.0 = Release|Any CPU
		{4719B04B-2E47-438B-AD7E-C2EFACA30948}.Debug|Any CPU.ActiveCfg = Debug|Any CPU
		{4719B04B-2E47-438B-AD7E-C2EFACA30948}.Debug|Any CPU.Build.0 = Debug|Any CPU
		{4719B04B-2E47-438B-AD7E-C2EFACA30948}.Release|Any CPU.ActiveCfg = Release|Any CPU
		{4719B04B-2E47-438B-AD7E-C2EFACA30948}.Release|Any CPU.Build.0 = Release|Any CPU
		{389DB7D5-1EF8-47F2-A17F-45766B59E9B0}.Debug|Any CPU.ActiveCfg = Debug|Any CPU
		{389DB7D5-1EF8-47F2-A17F-45766B59E9B0}.Debug|Any CPU.Build.0 = Debug|Any CPU
		{389DB7D5-1EF8-47F2-A17F-45766B59E9B0}.Release|Any CPU.ActiveCfg = Release|Any CPU
		{389DB7D5-1EF8-47F2-A17F-45766B59E9B0}.Release|Any CPU.Build.0 = Release|Any CPU
		{E5AEC11A-E2DF-421A-87CC-6E6DDB6E6DF8}.Debug|Any CPU.ActiveCfg = Debug|Any CPU
		{E5AEC11A-E2DF-421A-87CC-6E6DDB6E6DF8}.Debug|Any CPU.Build.0 = Debug|Any CPU
		{E5AEC11A-E2DF-421A-87CC-6E6DDB6E6DF8}.Release|Any CPU.ActiveCfg = Release|Any CPU
		{E5AEC11A-E2DF-421A-87CC-6E6DDB6E6DF8}.Release|Any CPU.Build.0 = Release|Any CPU
		{FF5F03B8-AD86-4990-BA67-DA5F5CFAE92E}.Debug|Any CPU.ActiveCfg = Debug|Any CPU
		{FF5F03B8-AD86-4990-BA67-DA5F5CFAE92E}.Debug|Any CPU.Build.0 = Debug|Any CPU
		{FF5F03B8-AD86-4990-BA67-DA5F5CFAE92E}.Release|Any CPU.ActiveCfg = Release|Any CPU
		{FF5F03B8-AD86-4990-BA67-DA5F5CFAE92E}.Release|Any CPU.Build.0 = Release|Any CPU
		{FDF1DC0B-D2FB-4301-B91B-EE76132D1EE8}.Debug|Any CPU.ActiveCfg = Debug|Any CPU
		{FDF1DC0B-D2FB-4301-B91B-EE76132D1EE8}.Debug|Any CPU.Build.0 = Debug|Any CPU
		{FDF1DC0B-D2FB-4301-B91B-EE76132D1EE8}.Release|Any CPU.ActiveCfg = Release|Any CPU
		{FDF1DC0B-D2FB-4301-B91B-EE76132D1EE8}.Release|Any CPU.Build.0 = Release|Any CPU
		{9C77F8A5-EC8D-4563-9E2C-C968011C86F5}.Debug|Any CPU.ActiveCfg = Debug|Any CPU
		{9C77F8A5-EC8D-4563-9E2C-C968011C86F5}.Debug|Any CPU.Build.0 = Debug|Any CPU
		{9C77F8A5-EC8D-4563-9E2C-C968011C86F5}.Release|Any CPU.ActiveCfg = Release|Any CPU
		{9C77F8A5-EC8D-4563-9E2C-C968011C86F5}.Release|Any CPU.Build.0 = Release|Any CPU
	EndGlobalSection
	GlobalSection(SolutionProperties) = preSolution
		HideSolutionNode = FALSE
	EndGlobalSection
	GlobalSection(ExtensibilityGlobals) = postSolution
		SolutionGuid = {4BCC3C0F-D694-4644-B95F-DB4AA0F73E0A}
	EndGlobalSection
EndGlobal
